# This file is automatically @generated by Cargo.
# It is not intended for manual editing.
version = 4

[[package]]
name = "rustc-literal-escaper"
version = "0.0.2"
dependencies = [
 "rustc-std-workspace-std",
]

[[package]]
name = "rustc-std-workspace-std"
version = "1.0.1"
source = "registry+https://github.com/rust-lang/crates.io-index"
checksum = "aba676a20abe46e5b0f1b0deae474aaaf31407e6c71147159890574599da04ef"
